
Microsoft Visual Studio Solution File, Format Version 12.00
# Visual Studio Version 16
VisualStudioVersion = 16.0.29709.97
MinimumVisualStudioVersion = 10.0.40219.1
Project("{FAE04EC0-301F-11D3-BF4B-00C04F79EFBC}") = "Hangfire.Demo", "Hangfire.Demo\Hangfire.Demo.csproj", "{4C35E125-C582-49D6-8546-0F3958C9AA7A}"
EndProject
Global
	GlobalSection(SolutionConfigurationPlatforms) = preSolution
		Debug|Any CPU = Debug|Any CPU
		Release|Any CPU = Release|Any CPU
	EndGlobalSection
	GlobalSection(ProjectConfigurationPlatforms) = postSolution
		{4C35E125-C582-49D6-8546-0F3958C9AA7A}.Debug|Any CPU.ActiveCfg = Debug|Any CPU
		{4C35E125-C582-49D6-8546-0F3958C9AA7A}.Debug|Any CPU.Build.0 = Debug|Any CPU
		{4C35E125-C582-49D6-8546-0F3958C9AA7A}.Release|Any CPU.ActiveCfg = Release|Any CPU
		{4C35E125-C582-49D6-8546-0F3958C9AA7A}.Release|Any CPU.Build.0 = Release|Any CPU
	EndGlobalSection
	GlobalSection(SolutionProperties) = preSolution
		HideSolutionNode = FALSE
	EndGlobalSection
	GlobalSection(ExtensibilityGlobals) = postSolution
		SolutionGuid = {92646C34-7368-411D-A7F5-E958559B341A}
	EndGlobalSection
EndGlobal
